
Microsoft Visual Studio Solution File, Format Version 12.00
# Visual Studio 2012
Project("{FAE04EC0-301F-11D3-BF4B-00C04F79EFBC}") = "Space", "Client\Space.csproj", "{A6FF9D07-5ED8-4BF8-AFC5-871527BEA0E4}"
EndProject
Project("{2150E333-8FDC-42A3-9474-1A3956D46DE8}") = "FixedPoint", "FixedPoint", "{794F4A35-A1E2-6A4A-0A7B-359BE4AA2EDA}"
EndProject
Project("{2150E333-8FDC-42A3-9474-1A3956D46DE8}") = "Runtime", "Runtime", "{5B489010-3DB6-B281-A106-E0098967F465}"
EndProject
Project("{FAE04EC0-301F-11D3-BF4B-00C04F79EFBC}") = "FixedPoint", "FixedPoint\Runtime\FixedPoint.csproj", "{25D9D90A-9DB5-45D8-812E-0B7E62704C33}"
EndProject
Project("{FAE04EC0-301F-11D3-BF4B-00C04F79EFBC}") = "Server", "Server\Server.csproj", "{3FD1BAB5-6CC7-47F9-AD98-273956083398}"
EndProject
Project("{FAE04EC0-301F-11D3-BF4B-00C04F79EFBC}") = "GameCore", "GameCore\GameCore.csproj", "{AA17A16E-474A-407B-BD08-2139D7A4A01B}"
EndProject
Project("{2150E333-8FDC-42A3-9474-1A3956D46DE8}") = "static-ecs", "static-ecs", "{6A0A5EDA-3CCA-3362-FC49-3F4F2BCC6708}"
EndProject
Project("{FAE04EC0-301F-11D3-BF4B-00C04F79EFBC}") = "StaticEcs", "static-ecs\StaticEcs.csproj", "{D3E800E0-59BF-4609-8714-57CC127E1744}"
EndProject
Project("{FAE04EC0-301F-11D3-BF4B-00C04F79EFBC}") = "Test", "Test\Test.csproj", "{11EDA84D-4CFA-459C-979C-C529DAE17C95}"
EndProject
Project("{2150E333-8FDC-42A3-9474-1A3956D46DE8}") = "static-rollback", "static-rollback", "{1FE029CE-38CD-4148-756D-56DD032A99DE}"
EndProject
Project("{2150E333-8FDC-42A3-9474-1A3956D46DE8}") = "Runtime", "Runtime", "{146778AF-18EE-EB1C-FBFF-7CB345C5246C}"
EndProject
Project("{FAE04EC0-301F-11D3-BF4B-00C04F79EFBC}") = "Shenanicode.Rollback", "static-rollback\Runtime\Shenanicode.Rollback.csproj", "{F74B62B3-47C0-4A13-BD3D-55A075E2195F}"
EndProject
Project("{2150E333-8FDC-42A3-9474-1A3956D46DE8}") = "static-rollback-litenetlib", "static-rollback-litenetlib", "{BF686374-5FA8-6B9F-AC88-482E95CAA346}"
EndProject
Project("{2150E333-8FDC-42A3-9474-1A3956D46DE8}") = "Runtime", "Runtime", "{70870F99-657A-04A8-5FCD-D9ECD793EDCA}"
EndProject
Project("{FAE04EC0-301F-11D3-BF4B-00C04F79EFBC}") = "Shenanicode.Rollback.LiteNetLib", "static-rollback-litenetlib\Runtime\Shenanicode.Rollback.LiteNetLib.csproj", "{E419A2B2-24CD-4A83-9E38-66DECF6BDC11}"
EndProject
Global
	GlobalSection(SolutionConfigurationPlatforms) = preSolution
		Debug|Any CPU = Debug|Any CPU
		Debug|x64 = Debug|x64
		Debug|x86 = Debug|x86
		ExportDebug|Any CPU = ExportDebug|Any CPU
		ExportDebug|x64 = ExportDebug|x64
		ExportDebug|x86 = ExportDebug|x86
		ExportRelease|Any CPU = ExportRelease|Any CPU
		ExportRelease|x64 = ExportRelease|x64
		ExportRelease|x86 = ExportRelease|x86
		Release|Any CPU = Release|Any CPU
		Release|x64 = Release|x64
		Release|x86 = Release|x86
	EndGlobalSection
	GlobalSection(ProjectConfigurationPlatforms) = postSolution
		{A6FF9D07-5ED8-4BF8-AFC5-871527BEA0E4}.Debug|Any CPU.ActiveCfg = Debug|Any CPU
		{A6FF9D07-5ED8-4BF8-AFC5-871527BEA0E4}.Debug|Any CPU.Build.0 = Debug|Any CPU
		{A6FF9D07-5ED8-4BF8-AFC5-871527BEA0E4}.Debug|x64.ActiveCfg = Debug|Any CPU
		{A6FF9D07-5ED8-4BF8-AFC5-871527BEA0E4}.Debug|x64.Build.0 = Debug|Any CPU
		{A6FF9D07-5ED8-4BF8-AFC5-871527BEA0E4}.Debug|x86.ActiveCfg = Debug|Any CPU
		{A6FF9D07-5ED8-4BF8-AFC5-871527BEA0E4}.Debug|x86.Build.0 = Debug|Any CPU
		{A6FF9D07-5ED8-4BF8-AFC5-871527BEA0E4}.ExportDebug|Any CPU.ActiveCfg = ExportDebug|Any CPU
		{A6FF9D07-5ED8-4BF8-AFC5-871527BEA0E4}.ExportDebug|Any CPU.Build.0 = ExportDebug|Any CPU
		{A6FF9D07-5ED8-4BF8-AFC5-871527BEA0E4}.ExportDebug|x64.ActiveCfg = ExportDebug|Any CPU
		{A6FF9D07-5ED8-4BF8-AFC5-871527BEA0E4}.ExportDebug|x64.Build.0 = ExportDebug|Any CPU
		{A6FF9D07-5ED8-4BF8-AFC5-871527BEA0E4}.ExportDebug|x86.ActiveCfg = ExportDebug|Any CPU
		{A6FF9D07-5ED8-4BF8-AFC5-871527BEA0E4}.ExportDebug|x86.Build.0 = ExportDebug|Any CPU
		{A6FF9D07-5ED8-4BF8-AFC5-871527BEA0E4}.ExportRelease|Any CPU.ActiveCfg = ExportRelease|Any CPU
		{A6FF9D07-5ED8-4BF8-AFC5-871527BEA0E4}.ExportRelease|Any CPU.Build.0 = ExportRelease|Any CPU
		{A6FF9D07-5ED8-4BF8-AFC5-871527BEA0E4}.ExportRelease|x64.ActiveCfg = ExportRelease|Any CPU
		{A6FF9D07-5ED8-4BF8-AFC5-871527BEA0E4}.ExportRelease|x64.Build.0 = ExportRelease|Any CPU
		{A6FF9D07-5ED8-4BF8-AFC5-871527BEA0E4}.ExportRelease|x86.ActiveCfg = ExportRelease|Any CPU
		{A6FF9D07-5ED8-4BF8-AFC5-871527BEA0E4}.ExportRelease|x86.Build.0 = ExportRelease|Any CPU
		{A6FF9D07-5ED8-4BF8-AFC5-871527BEA0E4}.Release|Any CPU.ActiveCfg = Release|Any CPU
		{A6FF9D07-5ED8-4BF8-AFC5-871527BEA0E4}.Release|Any CPU.Build.0 = Release|Any CPU
		{A6FF9D07-5ED8-4BF8-AFC5-871527BEA0E4}.Release|x64.ActiveCfg = Release|Any CPU
		{A6FF9D07-5ED8-4BF8-AFC5-871527BEA0E4}.Release|x64.Build.0 = Release|Any CPU
		{A6FF9D07-5ED8-4BF8-AFC5-871527BEA0E4}.Release|x86.ActiveCfg = Release|Any CPU
		{A6FF9D07-5ED8-4BF8-AFC5-871527BEA0E4}.Release|x86.Build.0 = Release|Any CPU
		{25D9D90A-9DB5-45D8-812E-0B7E62704C33}.Debug|Any CPU.ActiveCfg = Debug|Any CPU
		{25D9D90A-9DB5-45D8-812E-0B7E62704C33}.Debug|Any CPU.Build.0 = Debug|Any CPU
		{25D9D90A-9DB5-45D8-812E-0B7E62704C33}.Debug|x64.ActiveCfg = Debug|Any CPU
		{25D9D90A-9DB5-45D8-812E-0B7E62704C33}.Debug|x64.Build.0 = Debug|Any CPU
		{25D9D90A-9DB5-45D8-812E-0B7E62704C33}.Debug|x86.ActiveCfg = Debug|Any CPU
		{25D9D90A-9DB5-45D8-812E-0B7E62704C33}.Debug|x86.Build.0 = Debug|Any CPU
		{25D9D90A-9DB5-45D8-812E-0B7E62704C33}.ExportDebug|Any CPU.ActiveCfg = Debug|Any CPU
		{25D9D90A-9DB5-45D8-812E-0B7E62704C33}.ExportDebug|Any CPU.Build.0 = Debug|Any CPU
		{25D9D90A-9DB5-45D8-812E-0B7E62704C33}.ExportDebug|x64.ActiveCfg = Debug|Any CPU
		{25D9D90A-9DB5-45D8-812E-0B7E62704C33}.ExportDebug|x64.Build.0 = Debug|Any CPU
		{25D9D90A-9DB5-45D8-812E-0B7E62704C33}.ExportDebug|x86.ActiveCfg = Debug|Any CPU
		{25D9D90A-9DB5-45D8-812E-0B7E62704C33}.ExportDebug|x86.Build.0 = Debug|Any CPU
		{25D9D90A-9DB5-45D8-812E-0B7E62704C33}.ExportRelease|Any CPU.ActiveCfg = Debug|Any CPU
		{25D9D90A-9DB5-45D8-812E-0B7E62704C33}.ExportRelease|Any CPU.Build.0 = Debug|Any CPU
		{25D9D90A-9DB5-45D8-812E-0B7E62704C33}.ExportRelease|x64.ActiveCfg = Debug|Any CPU
		{25D9D90A-9DB5-45D8-812E-0B7E62704C33}.ExportRelease|x64.Build.0 = Debug|Any CPU
		{25D9D90A-9DB5-45D8-812E-0B7E62704C33}.ExportRelease|x86.ActiveCfg = Debug|Any CPU
		{25D9D90A-9DB5-45D8-812E-0B7E62704C33}.ExportRelease|x86.Build.0 = Debug|Any CPU
		{25D9D90A-9DB5-45D8-812E-0B7E62704C33}.Release|Any CPU.ActiveCfg = Release|Any CPU
		{25D9D90A-9DB5-45D8-812E-0B7E62704C33}.Release|Any CPU.Build.0 = Release|Any CPU
		{25D9D90A-9DB5-45D8-812E-0B7E62704C33}.Release|x64.ActiveCfg = Release|Any CPU
		{25D9D90A-9DB5-45D8-812E-0B7E62704C33}.Release|x64.Build.0 = Release|Any CPU
		{25D9D90A-9DB5-45D8-812E-0B7E62704C33}.Release|x86.ActiveCfg = Release|Any CPU
		{25D9D90A-9DB5-45D8-812E-0B7E62704C33}.Release|x86.Build.0 = Release|Any CPU
		{3FD1BAB5-6CC7-47F9-AD98-273956083398}.Debug|Any CPU.ActiveCfg = Debug|Any CPU
		{3FD1BAB5-6CC7-47F9-AD98-273956083398}.Debug|Any CPU.Build.0 = Debug|Any CPU
		{3FD1BAB5-6CC7-47F9-AD98-273956083398}.Debug|x64.ActiveCfg = Debug|Any CPU
		{3FD1BAB5-6CC7-47F9-AD98-273956083398}.Debug|x64.Build.0 = Debug|Any CPU
		{3FD1BAB5-6CC7-47F9-AD98-273956083398}.Debug|x86.ActiveCfg = Debug|Any CPU
		{3FD1BAB5-6CC7-47F9-AD98-273956083398}.Debug|x86.Build.0 = Debug|Any CPU
		{3FD1BAB5-6CC7-47F9-AD98-273956083398}.ExportDebug|Any CPU.ActiveCfg = Debug|Any CPU
		{3FD1BAB5-6CC7-47F9-AD98-273956083398}.ExportDebug|Any CPU.Build.0 = Debug|Any CPU
		{3FD1BAB5-6CC7-47F9-AD98-273956083398}.ExportDebug|x64.ActiveCfg = Debug|Any CPU
		{3FD1BAB5-6CC7-47F9-AD98-273956083398}.ExportDebug|x64.Build.0 = Debug|Any CPU
		{3FD1BAB5-6CC7-47F9-AD98-273956083398}.ExportDebug|x86.ActiveCfg = Debug|Any CPU
		{3FD1BAB5-6CC7-47F9-AD98-273956083398}.ExportDebug|x86.Build.0 = Debug|Any CPU
		{3FD1BAB5-6CC7-47F9-AD98-273956083398}.ExportRelease|Any CPU.ActiveCfg = Debug|Any CPU
		{3FD1BAB5-6CC7-47F9-AD98-273956083398}.ExportRelease|Any CPU.Build.0 = Debug|Any CPU
		{3FD1BAB5-6CC7-47F9-AD98-273956083398}.ExportRelease|x64.ActiveCfg = Debug|Any CPU
		{3FD1BAB5-6CC7-47F9-AD98-273956083398}.ExportRelease|x64.Build.0 = Debug|Any CPU
		{3FD1BAB5-6CC7-47F9-AD98-273956083398}.ExportRelease|x86.ActiveCfg = Debug|Any CPU
		{3FD1BAB5-6CC7-47F9-AD98-273956083398}.ExportRelease|x86.Build.0 = Debug|Any CPU
		{3FD1BAB5-6CC7-47F9-AD98-273956083398}.Release|Any CPU.ActiveCfg = Release|Any CPU
		{3FD1BAB5-6CC7-47F9-AD98-273956083398}.Release|Any CPU.Build.0 = Release|Any CPU
		{3FD1BAB5-6CC7-47F9-AD98-273956083398}.Release|x64.ActiveCfg = Release|Any CPU
		{3FD1BAB5-6CC7-47F9-AD98-273956083398}.Release|x64.Build.0 = Release|Any CPU
		{3FD1BAB5-6CC7-47F9-AD98-273956083398}.Release|x86.ActiveCfg = Release|Any CPU
		{3FD1BAB5-6CC7-47F9-AD98-273956083398}.Release|x86.Build.0 = Release|Any CPU
		{AA17A16E-474A-407B-BD08-2139D7A4A01B}.Debug|Any CPU.ActiveCfg = Debug|Any CPU
		{AA17A16E-474A-407B-BD08-2139D7A4A01B}.Debug|Any CPU.Build.0 = Debug|Any CPU
		{AA17A16E-474A-407B-BD08-2139D7A4A01B}.Debug|x64.ActiveCfg = Debug|Any CPU
		{AA17A16E-474A-407B-BD08-2139D7A4A01B}.Debug|x64.Build.0 = Debug|Any CPU
		{AA17A16E-474A-407B-BD08-2139D7A4A01B}.Debug|x86.ActiveCfg = Debug|Any CPU
		{AA17A16E-474A-407B-BD08-2139D7A4A01B}.Debug|x86.Build.0 = Debug|Any CPU
		{AA17A16E-474A-407B-BD08-2139D7A4A01B}.ExportDebug|Any CPU.ActiveCfg = Debug|Any CPU
		{AA17A16E-474A-407B-BD08-2139D7A4A01B}.ExportDebug|Any CPU.Build.0 = Debug|Any CPU
		{AA17A16E-474A-407B-BD08-2139D7A4A01B}.ExportDebug|x64.ActiveCfg = Debug|Any CPU
		{AA17A16E-474A-407B-BD08-2139D7A4A01B}.ExportDebug|x64.Build.0 = Debug|Any CPU
		{AA17A16E-474A-407B-BD08-2139D7A4A01B}.ExportDebug|x86.ActiveCfg = Debug|Any CPU
		{AA17A16E-474A-407B-BD08-2139D7A4A01B}.ExportDebug|x86.Build.0 = Debug|Any CPU
		{AA17A16E-474A-407B-BD08-2139D7A4A01B}.ExportRelease|Any CPU.ActiveCfg = Debug|Any CPU
		{AA17A16E-474A-407B-BD08-2139D7A4A01B}.ExportRelease|Any CPU.Build.0 = Debug|Any CPU
		{AA17A16E-474A-407B-BD08-2139D7A4A01B}.ExportRelease|x64.ActiveCfg = Debug|Any CPU
		{AA17A16E-474A-407B-BD08-2139D7A4A01B}.ExportRelease|x64.Build.0 = Debug|Any CPU
		{AA17A16E-474A-407B-BD08-2139D7A4A01B}.ExportRelease|x86.ActiveCfg = Debug|Any CPU
		{AA17A16E-474A-407B-BD08-2139D7A4A01B}.ExportRelease|x86.Build.0 = Debug|Any CPU
		{AA17A16E-474A-407B-BD08-2139D7A4A01B}.Release|Any CPU.ActiveCfg = Release|Any CPU
		{AA17A16E-474A-407B-BD08-2139D7A4A01B}.Release|Any CPU.Build.0 = Release|Any CPU
		{AA17A16E-474A-407B-BD08-2139D7A4A01B}.Release|x64.ActiveCfg = Release|Any CPU
		{AA17A16E-474A-407B-BD08-2139D7A4A01B}.Release|x64.Build.0 = Release|Any CPU
		{AA17A16E-474A-407B-BD08-2139D7A4A01B}.Release|x86.ActiveCfg = Release|Any CPU
		{AA17A16E-474A-407B-BD08-2139D7A4A01B}.Release|x86.Build.0 = Release|Any CPU
		{D3E800E0-59BF-4609-8714-57CC127E1744}.Debug|Any CPU.ActiveCfg = Debug|Any CPU
		{D3E800E0-59BF-4609-8714-57CC127E1744}.Debug|Any CPU.Build.0 = Debug|Any CPU
		{D3E800E0-59BF-4609-8714-57CC127E1744}.Debug|x64.ActiveCfg = Debug|Any CPU
		{D3E800E0-59BF-4609-8714-57CC127E1744}.Debug|x64.Build.0 = Debug|Any CPU
		{D3E800E0-59BF-4609-8714-57CC127E1744}.Debug|x86.ActiveCfg = Debug|Any CPU
		{D3E800E0-59BF-4609-8714-57CC127E1744}.Debug|x86.Build.0 = Debug|Any CPU
		{D3E800E0-59BF-4609-8714-57CC127E1744}.ExportDebug|Any CPU.ActiveCfg = Debug|Any CPU
		{D3E800E0-59BF-4609-8714-57CC127E1744}.ExportDebug|Any CPU.Build.0 = Debug|Any CPU
		{D3E800E0-59BF-4609-8714-57CC127E1744}.ExportDebug|x64.ActiveCfg = Debug|Any CPU
		{D3E800E0-59BF-4609-8714-57CC127E1744}.ExportDebug|x64.Build.0 = Debug|Any CPU
		{D3E800E0-59BF-4609-8714-57CC127E1744}.ExportDebug|x86.ActiveCfg = Debug|Any CPU
		{D3E800E0-59BF-4609-8714-57CC127E1744}.ExportDebug|x86.Build.0 = Debug|Any CPU
		{D3E800E0-59BF-4609-8714-57CC127E1744}.ExportRelease|Any CPU.ActiveCfg = Debug|Any CPU
		{D3E800E0-59BF-4609-8714-57CC127E1744}.ExportRelease|Any CPU.Build.0 = Debug|Any CPU
		{D3E800E0-59BF-4609-8714-57CC127E1744}.ExportRelease|x64.ActiveCfg = Debug|Any CPU
		{D3E800E0-59BF-4609-8714-57CC127E1744}.ExportRelease|x64.Build.0 = Debug|Any CPU
		{D3E800E0-59BF-4609-8714-57CC127E1744}.ExportRelease|x86.ActiveCfg = Debug|Any CPU
		{D3E800E0-59BF-4609-8714-57CC127E1744}.ExportRelease|x86.Build.0 = Debug|Any CPU
		{D3E800E0-59BF-4609-8714-57CC127E1744}.Release|Any CPU.ActiveCfg = Release|Any CPU
		{D3E800E0-59BF-4609-8714-57CC127E1744}.Release|Any CPU.Build.0 = Release|Any CPU
		{D3E800E0-59BF-4609-8714-57CC127E1744}.Release|x64.ActiveCfg = Release|Any CPU
		{D3E800E0-59BF-4609-8714-57CC127E1744}.Release|x64.Build.0 = Release|Any CPU
		{D3E800E0-59BF-4609-8714-57CC127E1744}.Release|x86.ActiveCfg = Release|Any CPU
		{D3E800E0-59BF-4609-8714-57CC127E1744}.Release|x86.Build.0 = Release|Any CPU
		{11EDA84D-4CFA-459C-979C-C529DAE17C95}.Debug|Any CPU.ActiveCfg = Debug|Any CPU
		{11EDA84D-4CFA-459C-979C-C529DAE17C95}.Debug|Any CPU.Build.0 = Debug|Any CPU
		{11EDA84D-4CFA-459C-979C-C529DAE17C95}.Debug|x64.ActiveCfg = Debug|Any CPU
		{11EDA84D-4CFA-459C-979C-C529DAE17C95}.Debug|x64.Build.0 = Debug|Any CPU
		{11EDA84D-4CFA-459C-979C-C529DAE17C95}.Debug|x86.ActiveCfg = Debug|Any CPU
		{11EDA84D-4CFA-459C-979C-C529DAE17C95}.Debug|x86.Build.0 = Debug|Any CPU
		{11EDA84D-4CFA-459C-979C-C529DAE17C95}.ExportDebug|Any CPU.ActiveCfg = Debug|Any CPU
		{11EDA84D-4CFA-459C-979C-C529DAE17C95}.ExportDebug|Any CPU.Build.0 = Debug|Any CPU
		{11EDA84D-4CFA-459C-979C-C529DAE17C95}.ExportDebug|x64.ActiveCfg = Debug|Any CPU
		{11EDA84D-4CFA-459C-979C-C529DAE17C95}.ExportDebug|x64.Build.0 = Debug|Any CPU
		{11EDA84D-4CFA-459C-979C-C529DAE17C95}.ExportDebug|x86.ActiveCfg = Debug|Any CPU
		{11EDA84D-4CFA-459C-979C-C529DAE17C95}.ExportDebug|x86.Build.0 = Debug|Any CPU
		{11EDA84D-4CFA-459C-979C-C529DAE17C95}.ExportRelease|Any CPU.ActiveCfg = Debug|Any CPU
		{11EDA84D-4CFA-459C-979C-C529DAE17C95}.ExportRelease|Any CPU.Build.0 = Debug|Any CPU
		{11EDA84D-4CFA-459C-979C-C529DAE17C95}.ExportRelease|x64.ActiveCfg = Debug|Any CPU
		{11EDA84D-4CFA-459C-979C-C529DAE17C95}.ExportRelease|x64.Build.0 = Debug|Any CPU
		{11EDA84D-4CFA-459C-979C-C529DAE17C95}.ExportRelease|x86.ActiveCfg = Debug|Any CPU
		{11EDA84D-4CFA-459C-979C-C529DAE17C95}.ExportRelease|x86.Build.0 = Debug|Any CPU
		{11EDA84D-4CFA-459C-979C-C529DAE17C95}.Release|Any CPU.ActiveCfg = Release|Any CPU
		{11EDA84D-4CFA-459C-979C-C529DAE17C95}.Release|Any CPU.Build.0 = Release|Any CPU
		{11EDA84D-4CFA-459C-979C-C529DAE17C95}.Release|x64.ActiveCfg = Release|Any CPU
		{11EDA84D-4CFA-459C-979C-C529DAE17C95}.Release|x64.Build.0 = Release|Any CPU
		{11EDA84D-4CFA-459C-979C-C529DAE17C95}.Release|x86.ActiveCfg = Release|Any CPU
		{11EDA84D-4CFA-459C-979C-C529DAE17C95}.Release|x86.Build.0 = Release|Any CPU
		{F74B62B3-47C0-4A13-BD3D-55A075E2195F}.Debug|Any CPU.ActiveCfg = Debug|Any CPU
		{F74B62B3-47C0-4A13-BD3D-55A075E2195F}.Debug|Any CPU.Build.0 = Debug|Any CPU
		{F74B62B3-47C0-4A13-BD3D-55A075E2195F}.Debug|x64.ActiveCfg = Debug|Any CPU
		{F74B62B3-47C0-4A13-BD3D-55A075E2195F}.Debug|x64.Build.0 = Debug|Any CPU
		{F74B62B3-47C0-4A13-BD3D-55A075E2195F}.Debug|x86.ActiveCfg = Debug|Any CPU
		{F74B62B3-47C0-4A13-BD3D-55A075E2195F}.Debug|x86.Build.0 = Debug|Any CPU
		{F74B62B3-47C0-4A13-BD3D-55A075E2195F}.ExportDebug|Any CPU.ActiveCfg = Debug|Any CPU
		{F74B62B3-47C0-4A13-BD3D-55A075E2195F}.ExportDebug|Any CPU.Build.0 = Debug|Any CPU
		{F74B62B3-47C0-4A13-BD3D-55A075E2195F}.ExportDebug|x64.ActiveCfg = Debug|Any CPU
		{F74B62B3-47C0-4A13-BD3D-55A075E2195F}.ExportDebug|x64.Build.0 = Debug|Any CPU
		{F74B62B3-47C0-4A13-BD3D-55A075E2195F}.ExportDebug|x86.ActiveCfg = Debug|Any CPU
		{F74B62B3-47C0-4A13-BD3D-55A075E2195F}.ExportDebug|x86.Build.0 = Debug|Any CPU
		{F74B62B3-47C0-4A13-BD3D-55A075E2195F}.ExportRelease|Any CPU.ActiveCfg = Debug|Any CPU
		{F74B62B3-47C0-4A13-BD3D-55A075E2195F}.ExportRelease|Any CPU.Build.0 = Debug|Any CPU
		{F74B62B3-47C0-4A13-BD3D-55A075E2195F}.ExportRelease|x64.ActiveCfg = Debug|Any CPU
		{F74B62B3-47C0-4A13-BD3D-55A075E2195F}.ExportRelease|x64.Build.0 = Debug|Any CPU
		{F74B62B3-47C0-4A13-BD3D-55A075E2195F}.ExportRelease|x86.ActiveCfg = Debug|Any CPU
		{F74B62B3-47C0-4A13-BD3D-55A075E2195F}.ExportRelease|x86.Build.0 = Debug|Any CPU
		{F74B62B3-47C0-4A13-BD3D-55A075E2195F}.Release|Any CPU.ActiveCfg = Release|Any CPU
		{F74B62B3-47C0-4A13-BD3D-55A075E2195F}.Release|Any CPU.Build.0 = Release|Any CPU
		{F74B62B3-47C0-4A13-BD3D-55A075E2195F}.Release|x64.ActiveCfg = Release|Any CPU
		{F74B62B3-47C0-4A13-BD3D-55A075E2195F}.Release|x64.Build.0 = Release|Any CPU
		{F74B62B3-47C0-4A13-BD3D-55A075E2195F}.Release|x86.ActiveCfg = Release|Any CPU
		{F74B62B3-47C0-4A13-BD3D-55A075E2195F}.Release|x86.Build.0 = Release|Any CPU
		{E419A2B2-24CD-4A83-9E38-66DECF6BDC11}.Debug|Any CPU.ActiveCfg = Debug|Any CPU
		{E419A2B2-24CD-4A83-9E38-66DECF6BDC11}.Debug|Any CPU.Build.0 = Debug|Any CPU
		{E419A2B2-24CD-4A83-9E38-66DECF6BDC11}.Debug|x64.ActiveCfg = Debug|Any CPU
		{E419A2B2-24CD-4A83-9E38-66DECF6BDC11}.Debug|x64.Build.0 = Debug|Any CPU
		{E419A2B2-24CD-4A83-9E38-66DECF6BDC11}.Debug|x86.ActiveCfg = Debug|Any CPU
		{E419A2B2-24CD-4A83-9E38-66DECF6BDC11}.Debug|x86.Build.0 = Debug|Any CPU
		{E419A2B2-24CD-4A83-9E38-66DECF6BDC11}.ExportDebug|Any CPU.ActiveCfg = Debug|Any CPU
		{E419A2B2-24CD-4A83-9E38-66DECF6BDC11}.ExportDebug|Any CPU.Build.0 = Debug|Any CPU
		{E419A2B2-24CD-4A83-9E38-66DECF6BDC11}.ExportDebug|x64.ActiveCfg = Debug|Any CPU
		{E419A2B2-24CD-4A83-9E38-66DECF6BDC11}.ExportDebug|x64.Build.0 = Debug|Any CPU
		{E419A2B2-24CD-4A83-9E38-66DECF6BDC11}.ExportDebug|x86.ActiveCfg = Debug|Any CPU
		{E419A2B2-24CD-4A83-9E38-66DECF6BDC11}.ExportDebug|x86.Build.0 = Debug|Any CPU
		{E419A2B2-24CD-4A83-9E38-66DECF6BDC11}.ExportRelease|Any CPU.ActiveCfg = Debug|Any CPU
		{E419A2B2-24CD-4A83-9E38-66DECF6BDC11}.ExportRelease|Any CPU.Build.0 = Debug|Any CPU
		{E419A2B2-24CD-4A83-9E38-66DECF6BDC11}.ExportRelease|x64.ActiveCfg = Debug|Any CPU
		{E419A2B2-24CD-4A83-9E38-66DECF6BDC11}.ExportRelease|x64.Build.0 = Debug|Any CPU
		{E419A2B2-24CD-4A83-9E38-66DECF6BDC11}.ExportRelease|x86.ActiveCfg = Debug|Any CPU
		{E419A2B2-24CD-4A83-9E38-66DECF6BDC11}.ExportRelease|x86.Build.0 = Debug|Any CPU
		{E419A2B2-24CD-4A83-9E38-66DECF6BDC11}.Release|Any CPU.ActiveCfg = Release|Any CPU
		{E419A2B2-24CD-4A83-9E38-66DECF6BDC11}.Release|Any CPU.Build.0 = Release|Any CPU
		{E419A2B2-24CD-4A83-9E38-66DECF6BDC11}.Release|x64.ActiveCfg = Release|Any CPU
		{E419A2B2-24CD-4A83-9E38-66DECF6BDC11}.Release|x64.Build.0 = Release|Any CPU
		{E419A2B2-24CD-4A83-9E38-66DECF6BDC11}.Release|x86.ActiveCfg = Release|Any CPU
		{E419A2B2-24CD-4A83-9E38-66DECF6BDC11}.Release|x86.Build.0 = Release|Any CPU
	EndGlobalSection
	GlobalSection(SolutionProperties) = preSolution
		HideSolutionNode = FALSE
	EndGlobalSection
	GlobalSection(NestedProjects) = preSolution
		{5B489010-3DB6-B281-A106-E0098967F465} = {794F4A35-A1E2-6A4A-0A7B-359BE4AA2EDA}
		{25D9D90A-9DB5-45D8-812E-0B7E62704C33} = {5B489010-3DB6-B281-A106-E0098967F465}
		{D3E800E0-59BF-4609-8714-57CC127E1744} = {6A0A5EDA-3CCA-3362-FC49-3F4F2BCC6708}
		{146778AF-18EE-EB1C-FBFF-7CB345C5246C} = {1FE029CE-38CD-4148-756D-56DD032A99DE}
		{F74B62B3-47C0-4A13-BD3D-55A075E2195F} = {146778AF-18EE-EB1C-FBFF-7CB345C5246C}
		{70870F99-657A-04A8-5FCD-D9ECD793EDCA} = {BF686374-5FA8-6B9F-AC88-482E95CAA346}
		{E419A2B2-24CD-4A83-9E38-66DECF6BDC11} = {70870F99-657A-04A8-5FCD-D9ECD793EDCA}
	EndGlobalSection
EndGlobal
